// !$*UTF8*$!
{
	archiveVersion = 1;
	classes = {
	};
	objectVersion = 50;
	objects = {

/* Begin PBXBuildFile section */
		F86503FD25197A3800D68429 /* DesignCodeApp.swift in Sources */ = {isa = PBXBuildFile; fileRef = F86503FC25197A3800D68429 /* DesignCodeApp.swift */; };
		F86503FF25197A3800D68429 /* ContentView.swift in Sources */ = {isa = PBXBuildFile; fileRef = F86503FE25197A3800D68429 /* ContentView.swift */; };
		F865040125197A3C00D68429 /* Assets.xcassets in Resources */ = {isa = PBXBuildFile; fileRef = F865040025197A3C00D68429 /* Assets.xcassets */; };
		F865040425197A3C00D68429 /* Preview Assets.xcassets in Resources */ = {isa = PBXBuildFile; fileRef = F865040325197A3C00D68429 /* Preview Assets.xcassets */; };
		F865040F25197A3C00D68429 /* DesignCodeTests.swift in Sources */ = {isa = PBXBuildFile; fileRef = F865040E25197A3C00D68429 /* DesignCodeTests.swift */; };
		F865041A25197A3C00D68429 /* DesignCodeUITests.swift in Sources */ = {isa = PBXBuildFile; fileRef = F865041925197A3C00D68429 /* DesignCodeUITests.swift */; };
/* End PBXBuildFile section */

/* Begin PBXContainerItemProxy section */
		F865040B25197A3C00D68429 /* PBXContainerItemProxy */ = {
			isa = PBXContainerItemProxy;
			containerPortal = F86503F125197A3800D68429 /* Project object */;
			proxyType = 1;
			remoteGlobalIDString = F86503F825197A3800D68429;
			remoteInfo = DesignCode;
		};
		F865041625197A3C00D68429 /* PBXContainerItemProxy */ = {
			isa = PBXContainerItemProxy;
			containerPortal = F86503F125197A3800D68429 /* Project object */;
			proxyType = 1;
			remoteGlobalIDString = F86503F825197A3800D68429;
			remoteInfo = DesignCode;
		};
/* End PBXContainerItemProxy section */

/* Begin PBXFileReference section */
		F86503F925197A3800D68429 /* DesignCode.app */ = {isa = PBXFileReference; explicitFileType = wrapper.application; includeInIndex = 0; path = DesignCode.app; sourceTree = BUILT_PRODUCTS_DIR; };
		F86503FC25197A3800D68429 /* DesignCodeApp.swift */ = {isa = PBXFileReference; lastKnownFileType = sourcecode.swift; path = DesignCodeApp.swift; sourceTree = "<group>"; };
		F86503FE25197A3800D68429 /* ContentView.swift */ = {isa = PBXFileReference; lastKnownFileType = sourcecode.swift; path = ContentView.swift; sourceTree = "<group>"; };
		F865040025197A3C00D68429 /* Assets.xcassets */ = {isa = PBXFileReference; lastKnownFileType = folder.assetcatalog; path = Assets.xcassets; sourceTree = "<group>"; };
		F865040325197A3C00D68429 /* Preview Assets.xcassets */ = {isa = PBXFileReference; lastKnownFileType = folder.assetcatalog; path = "Preview Assets.xcassets"; sourceTree = "<group>"; };
		F865040525197A3C00D68429 /* Info.plist */ = {isa = PBXFileReference; lastKnownFileType = text.plist.xml; path = Info.plist; sourceTree = "<group>"; };
		F865040A25197A3C00D68429 /* DesignCodeTests.xctest */ = {isa = PBXFileReference; explicitFileType = wrapper.cfbundle; includeInIndex = 0; path = DesignCodeTests.xctest; sourceTree = BUILT_PRODUCTS_DIR; };
		F865040E25197A3C00D68429 /* DesignCodeTests.swift */ = {isa = PBXFileReference; lastKnownFileType = sourcecode.swift; path = DesignCodeTests.swift; sourceTree = "<group>"; };
		F865041025197A3C00D68429 /* Info.plist */ = {isa = PBXFileReference; lastKnownFileType = text.plist.xml; path = Info.plist; sourceTree = "<group>"; };
		F865041525197A3C00D68429 /* DesignCodeUITests.xctest */ = {isa = PBXFileReference; explicitFileType = wrapper.cfbundle; includeInIndex = 0; path = DesignCodeUITests.xctest; sourceTree = BUILT_PRODUCTS_DIR; };
		F865041925197A3C00D68429 /* DesignCodeUITests.swift */ = {isa = PBXFileReference; lastKnownFileType = sourcecode.swift; path = DesignCodeUITests.swift; sourceTree = "<group>"; };
		F865041B25197A3C00D68429 /* Info.plist */ = {isa = PBXFileReference; lastKnownFileType = text.plist.xml; path = Info.plist; sourceTree = "<group>"; };
/* End PBXFileReference section */

/* Begin PBXFrameworksBuildPhase section */
		F86503F625197A3800D68429 /* Frameworks */ = {
			isa = PBXFrameworksBuildPhase;
			buildActionMask = 2147483647;
			files = (
			);
			runOnlyForDeploymentPostprocessing = 0;
		};
		F865040725197A3C00D68429 /* Frameworks */ = {
			isa = PBXFrameworksBuildPhase;
			buildActionMask = 2147483647;
			files = (
			);
			runOnlyForDeploymentPostprocessing = 0;
		};
		F865041225197A3C00D68429 /* Frameworks */ = {
			isa = PBXFrameworksBuildPhase;
			buildActionMask = 2147483647;
			files = (
			);
			runOnlyForDeploymentPostprocessing = 0;
		};
/* End PBXFrameworksBuildPhase section */

/* Begin PBXGroup section */
		F86503F025197A3800D68429 = {
			isa = PBXGroup;
			children = (
				F86503FB25197A3800D68429 /* DesignCode */,
				F865040D25197A3C00D68429 /* DesignCodeTests */,
				F865041825197A3C00D68429 /* DesignCodeUITests */,
				F86503FA25197A3800D68429 /* Products */,
			);
			sourceTree = "<group>";
		};
		F86503FA25197A3800D68429 /* Products */ = {
			isa = PBXGroup;
			children = (
				F86503F925197A3800D68429 /* DesignCode.app */,
				F865040A25197A3C00D68429 /* DesignCodeTests.xctest */,
				F865041525197A3C00D68429 /* DesignCodeUITests.xctest */,
			);
			name = Products;
			sourceTree = "<group>";
		};
		F86503FB25197A3800D68429 /* DesignCode */ = {
			isa = PBXGroup;
			children = (
				F86503FC25197A3800D68429 /* DesignCodeApp.swift */,
				F86503FE25197A3800D68429 /* ContentView.swift */,
				F865040025197A3C00D68429 /* Assets.xcassets */,
				F865040525197A3C00D68429 /* Info.plist */,
				F865040225197A3C00D68429 /* Preview Content */,
			);
			path = DesignCode;
			sourceTree = "<group>";
		};
		F865040225197A3C00D68429 /* Preview Content */ = {
			isa = PBXGroup;
			children = (
				F865040325197A3C00D68429 /* Preview Assets.xcassets */,
			);
			path = "Preview Content";
			sourceTree = "<group>";
		};
		F865040D25197A3C00D68429 /* DesignCodeTests */ = {
			isa = PBXGroup;
			children = (
				F865040E25197A3C00D68429 /* DesignCodeTests.swift */,
				F865041025197A3C00D68429 /* Info.plist */,
			);
			path = DesignCodeTests;
			sourceTree = "<group>";
		};
		F865041825197A3C00D68429 /* DesignCodeUITests */ = {
			isa = PBXGroup;
			children = (
				F865041925197A3C00D68429 /* DesignCodeUITests.swift */,
				F865041B25197A3C00D68429 /* Info.plist */,
			);
			path = DesignCodeUITests;
			sourceTree = "<group>";
		};
/* End PBXGroup section */

/* Begin PBXNativeTarget section */
		F86503F825197A3800D68429 /* DesignCode */ = {
			isa = PBXNativeTarget;
			buildConfigurationList = F865041E25197A3C00D68429 /* Build configuration list for PBXNativeTarget "DesignCode" */;
			buildPhases = (
				F86503F525197A3800D68429 /* Sources */,
				F86503F625197A3800D68429 /* Frameworks */,
				F86503F725197A3800D68429 /* Resources */,
			);
			buildRules = (
			);
			dependencies = (
			);
			name = DesignCode;
			productName = DesignCode;
			productReference = F86503F925197A3800D68429 /* DesignCode.app */;
			productType = "com.apple.product-type.application";
		};
		F865040925197A3C00D68429 /* DesignCodeTests */ = {
			isa = PBXNativeTarget;
			buildConfigurationList = F865042125197A3C00D68429 /* Build configuration list for PBXNativeTarget "DesignCodeTests" */;
			buildPhases = (
				F865040625197A3C00D68429 /* Sources */,
				F865040725197A3C00D68429 /* Frameworks */,
				F865040825197A3C00D68429 /* Resources */,
			);
			buildRules = (
			);
			dependencies = (
				F865040C25197A3C00D68429 /* PBXTargetDependency */,
			);
			name = DesignCodeTests;
			productName = DesignCodeTests;
			productReference = F865040A25197A3C00D68429 /* DesignCodeTests.xctest */;
			productType = "com.apple.product-type.bundle.unit-test";
		};
		F865041425197A3C00D68429 /* DesignCodeUITests */ = {
			isa = PBXNativeTarget;
			buildConfigurationList = F865042425197A3C00D68429 /* Build configuration list for PBXNativeTarget "DesignCodeUITests" */;
			buildPhases = (
				F865041125197A3C00D68429 /* Sources */,
				F865041225197A3C00D68429 /* Frameworks */,
				F865041325197A3C00D68429 /* Resources */,
			);
			buildRules = (
			);
			dependencies = (
				F865041725197A3C00D68429 /* PBXTargetDependency */,
			);
			name = DesignCodeUITests;
			productName = DesignCodeUITests;
			productReference = F865041525197A3C00D68429 /* DesignCodeUITests.xctest */;
			productType = "com.apple.product-type.bundle.ui-testing";
		};
/* End PBXNativeTarget section */

/* Begin PBXProject section */
		F86503F125197A3800D68429 /* Project object */ = {
			isa = PBXProject;
			attributes = {
				LastSwiftUpdateCheck = 1200;
				LastUpgradeCheck = 1200;
				TargetAttributes = {
					F86503F825197A3800D68429 = {
						CreatedOnToolsVersion = 12.0;
					};
					F865040925197A3C00D68429 = {
						CreatedOnToolsVersion = 12.0;
						TestTargetID = F86503F825197A3800D68429;
					};
					F865041425197A3C00D68429 = {
						CreatedOnToolsVersion = 12.0;
						TestTargetID = F86503F825197A3800D68429;
					};
				};
			};
			buildConfigurationList = F86503F425197A3800D68429 /* Build configuration list for PBXProject "DesignCode" */;
			compatibilityVersion = "Xcode 9.3";
			developmentRegion = en;
			hasScannedForEncodings = 0;
			knownRegions = (
				en,
				Base,
			);
			mainGroup = F86503F025197A3800D68429;
			productRefGroup = F86503FA25197A3800D68429 /* Products */;
			projectDirPath = "";
			projectRoot = "";
			targets = (
				F86503F825197A3800D68429 /* DesignCode */,
				F865040925197A3C00D68429 /* DesignCodeTests */,
				F865041425197A3C00D68429 /* DesignCodeUITests */,
			);
		};
/* End PBXProject section */

/* Begin PBXResourcesBuildPhase section */
		F86503F725197A3800D68429 /* Resources */ = {
			isa = PBXResourcesBuildPhase;
			buildActionMask = 2147483647;
			files = (
				F865040425197A3C00D68429 /* Preview Assets.xcassets in Resources */,
				F865040125197A3C00D68429 /* Assets.xcassets in Resources */,
			);
			runOnlyForDeploymentPostprocessing = 0;
		};
		F865040825197A3C00D68429 /* Resources */ = {
			isa = PBXResourcesBuildPhase;
			buildActionMask = 2147483647;
			files = (
			);
			runOnlyForDeploymentPostprocessing = 0;
		};
		F865041325197A3C00D68429 /* Resources */ = {
			isa = PBXResourcesBuildPhase;
			buildActionMask = 2147483647;
			files = (
			);
			runOnlyForDeploymentPostprocessing = 0;
		};
/* End PBXResourcesBuildPhase section */

/* Begin PBXSourcesBuildPhase section */
		F86503F525197A3800D68429 /* Sources */ = {
			isa = PBXSourcesBuildPhase;
			buildActionMask = 2147483647;
			files = (
				F86503FF25197A3800D68429 /* ContentView.swift in Sources */,
				F86503FD25197A3800D68429 /* DesignCodeApp.swift in Sources */,
			);
			runOnlyForDeploymentPostprocessing = 0;
		};
		F865040625197A3C00D68429 /* Sources */ = {
			isa = PBXSourcesBuildPhase;
			buildActionMask = 2147483647;
			files = (
				F865040F25197A3C00D68429 /* DesignCodeTests.swift in Sources */,
			);
			runOnlyForDeploymentPostprocessing = 0;
		};
		F865041125197A3C00D68429 /* Sources */ = {
			isa = PBXSourcesBuildPhase;
			buildActionMask = 2147483647;
			files = (
				F865041A25197A3C00D68429 /* DesignCodeUITests.swift in Sources */,
			);
			runOnlyForDeploymentPostprocessing = 0;
		};
/* End PBXSourcesBuildPhase section */

/* Begin PBXTargetDependency section */
		F865040C25197A3C00D68429 /* PBXTargetDependency */ = {
			isa = PBXTargetDependency;
			target = F86503F825197A3800D68429 /* DesignCode */;
			targetProxy = F865040B25197A3C00D68429 /* PBXContainerItemProxy */;
		};
		F865041725197A3C00D68429 /* PBXTargetDependency */ = {
			isa = PBXTargetDependency;
			target = F86503F825197A3800D68429 /* DesignCode */;
			targetProxy = F865041625197A3C00D68429 /* PBXContainerItemProxy */;
		};
/* End PBXTargetDependency section */

/* Begin XCBuildConfiguration section */
		F865041C25197A3C00D68429 /* Debug */ = {
			isa = XCBuildConfiguration;
			buildSettings = {
				ALWAYS_SEARCH_USER_PATHS = NO;
				CLANG_ANALYZER_NONNULL = YES;
				CLANG_ANALYZER_NUMBER_OBJECT_CONVERSION = YES_AGGRESSIVE;
				CLANG_CXX_LANGUAGE_STANDARD = "gnu++14";
				CLANG_CXX_LIBRARY = "libc++";
				CLANG_ENABLE_MODULES = YES;
				CLANG_ENABLE_OBJC_ARC = YES;
				CLANG_ENABLE_OBJC_WEAK = YES;
				CLANG_WARN_BLOCK_CAPTURE_AUTORELEASING = YES;
				CLANG_WARN_BOOL_CONVERSION = YES;
				CLANG_WARN_COMMA = YES;
				CLANG_WARN_CONSTANT_CONVERSION = YES;
				CLANG_WARN_DEPRECATED_OBJC_IMPLEMENTATIONS = YES;
				CLANG_WARN_DIRECT_OBJC_ISA_USAGE = YES_ERROR;
				CLANG_WARN_DOCUMENTATION_COMMENTS = YES;
				CLANG_WARN_EMPTY_BODY = YES;
				CLANG_WARN_ENUM_CONVERSION = YES;
				CLANG_WARN_INFINITE_RECURSION = YES;
				CLANG_WARN_INT_CONVERSION = YES;
				CLANG_WARN_NON_LITERAL_NULL_CONVERSION = YES;
				CLANG_WARN_OBJC_IMPLICIT_RETAIN_SELF = YES;
				CLANG_WARN_OBJC_LITERAL_CONVERSION = YES;
				CLANG_WARN_OBJC_ROOT_CLASS = YES_ERROR;
				CLANG_WARN_QUOTED_INCLUDE_IN_FRAMEWORK_HEADER = YES;
				CLANG_WARN_RANGE_LOOP_ANALYSIS = YES;
				CLANG_WARN_STRICT_PROTOTYPES = YES;
				CLANG_WARN_SUSPICIOUS_MOVE = YES;
				CLANG_WARN_UNGUARDED_AVAILABILITY = YES_AGGRESSIVE;
				CLANG_WARN_UNREACHABLE_CODE = YES;
				CLANG_WARN__DUPLICATE_METHOD_MATCH = YES;
				COPY_PHASE_STRIP = NO;
				DEBUG_INFORMATION_FORMAT = dwarf;
				ENABLE_STRICT_OBJC_MSGSEND = YES;
				ENABLE_TESTABILITY = YES;
				GCC_C_LANGUAGE_STANDARD = gnu11;
				GCC_DYNAMIC_NO_PIC = NO;
				GCC_NO_COMMON_BLOCKS = YES;
				GCC_OPTIMIZATION_LEVEL = 0;
				GCC_PREPROCESSOR_DEFINITIONS = (
					"DEBUG=1",
					"$(inherited)",
				);
				GCC_WARN_64_TO_32_BIT_CONVERSION = YES;
				GCC_WARN_ABOUT_RETURN_TYPE = YES_ERROR;
				GCC_WARN_UNDECLARED_SELECTOR = YES;
				GCC_WARN_UNINITIALIZED_AUTOS = YES_AGGRESSIVE;
				GCC_WARN_UNUSED_FUNCTION = YES;
				GCC_WARN_UNUSED_VARIABLE = YES;
				IPHONEOS_DEPLOYMENT_TARGET = 14.0;
				MTL_ENABLE_DEBUG_INFO = INCLUDE_SOURCE;
				MTL_FAST_MATH = YES;
				ONLY_ACTIVE_ARCH = YES;
				SDKROOT = iphoneos;
				SWIFT_ACTIVE_COMPILATION_CONDITIONS = DEBUG;
				SWIFT_OPTIMIZATION_LEVEL = "-Onone";
			};
			name = Debug;
		};
		F865041D25197A3C00D68429 /* Release */ = {
			isa = XCBuildConfiguration;
			buildSettings = {
				ALWAYS_SEARCH_USER_PATHS = NO;
				CLANG_ANALYZER_NONNULL = YES;
				CLANG_ANALYZER_NUMBER_OBJECT_CONVERSION = YES_AGGRESSIVE;
				CLANG_CXX_LANGUAGE_STANDARD = "gnu++14";
				CLANG_CXX_LIBRARY = "libc++";
				CLANG_ENABLE_MODULES = YES;
				CLANG_ENABLE_OBJC_ARC = YES;
				CLANG_ENABLE_OBJC_WEAK = YES;
				CLANG_WARN_BLOCK_CAPTURE_AUTORELEASING = YES;
				CLANG_WARN_BOOL_CONVERSION = YES;
				CLANG_WARN_COMMA = YES;
				CLANG_WARN_CONSTANT_CONVERSION = YES;
				CLANG_WARN_DEPRECATED_OBJC_IMPLEMENTATIONS = YES;
				CLANG_WARN_DIRECT_OBJC_ISA_USAGE = YES_ERROR;
				CLANG_WARN_DOCUMENTATION_COMMENTS = YES;
				CLANG_WARN_EMPTY_BODY = YES;
				CLANG_WARN_ENUM_CONVERSION = YES;
				CLANG_WARN_INFINITE_RECURSION = YES;
				CLANG_WARN_INT_CONVERSION = YES;
				CLANG_WARN_NON_LITERAL_NULL_CONVERSION = YES;
				CLANG_WARN_OBJC_IMPLICIT_RETAIN_SELF = YES;
				CLANG_WARN_OBJC_LITERAL_CONVERSION = YES;
				CLANG_WARN_OBJC_ROOT_CLASS = YES_ERROR;
				CLANG_WARN_QUOTED_INCLUDE_IN_FRAMEWORK_HEADER = YES;
				CLANG_WARN_RANGE_LOOP_ANALYSIS = YES;
				CLANG_WARN_STRICT_PROTOTYPES = YES;
				CLANG_WARN_SUSPICIOUS_MOVE = YES;
				CLANG_WARN_UNGUARDED_AVAILABILITY = YES_AGGRESSIVE;
				CLANG_WARN_UNREACHABLE_CODE = YES;
				CLANG_WARN__DUPLICATE_METHOD_MATCH = YES;
				COPY_PHASE_STRIP = NO;
				DEBUG_INFORMATION_FORMAT = "dwarf-with-dsym";
				ENABLE_NS_ASSERTIONS = NO;
				ENABLE_STRICT_OBJC_MSGSEND = YES;
				GCC_C_LANGUAGE_STANDARD = gnu11;
				GCC_NO_COMMON_BLOCKS = YES;
				GCC_WARN_64_TO_32_BIT_CONVERSION = YES;
				GCC_WARN_ABOUT_RETURN_TYPE = YES_ERROR;
				GCC_WARN_UNDECLARED_SELECTOR = YES;
				GCC_WARN_UNINITIALIZED_AUTOS = YES_AGGRESSIVE;
				GCC_WARN_UNUSED_FUNCTION = YES;
				GCC_WARN_UNUSED_VARIABLE = YES;
				IPHONEOS_DEPLOYMENT_TARGET = 14.0;
				MTL_ENABLE_DEBUG_INFO = NO;
				MTL_FAST_MATH = YES;
				SDKROOT = iphoneos;
				SWIFT_COMPILATION_MODE = wholemodule;
				SWIFT_OPTIMIZATION_LEVEL = "-O";
				VALIDATE_PRODUCT = YES;
			};
			name = Release;
		};
		F865041F25197A3C00D68429 /* Debug */ = {
			isa = XCBuildConfiguration;
			buildSettings = {
				ASSETCATALOG_COMPILER_APPICON_NAME = AppIcon;
				ASSETCATALOG_COMPILER_GLOBAL_ACCENT_COLOR_NAME = AccentColor;
				CODE_SIGN_STYLE = Automatic;
				DEVELOPMENT_ASSET_PATHS = "\"DesignCode/Preview Content\"";
				ENABLE_PREVIEWS = YES;
				INFOPLIST_FILE = DesignCode/Info.plist;
				IPHONEOS_DEPLOYMENT_TARGET = 14.0;
				LD_RUNPATH_SEARCH_PATHS = (
					"$(inherited)",
					"@executable_path/Frameworks",
				);
				PRODUCT_BUNDLE_IDENTIFIER = com.tovirk.DesignCode;
				PRODUCT_NAME = "$(TARGET_NAME)";
				SWIFT_VERSION = 5.0;
				TARGETED_DEVICE_FAMILY = "1,2";
			};
			name = Debug;
		};
		F865042025197A3C00D68429 /* Release */ = {
			isa = XCBuildConfiguration;
			buildSettings = {
				ASSETCATALOG_COMPILER_APPICON_NAME = AppIcon;
				ASSETCATALOG_COMPILER_GLOBAL_ACCENT_COLOR_NAME = AccentColor;
				CODE_SIGN_STYLE = Automatic;
				DEVELOPMENT_ASSET_PATHS = "\"DesignCode/Preview Content\"";
				ENABLE_PREVIEWS = YES;
				INFOPLIST_FILE = DesignCode/Info.plist;
				IPHONEOS_DEPLOYMENT_TARGET = 14.0;
				LD_RUNPATH_SEARCH_PATHS = (
					"$(inherited)",
					"@executable_path/Frameworks",
				);
				PRODUCT_BUNDLE_IDENTIFIER = com.tovirk.DesignCode;
				PRODUCT_NAME = "$(TARGET_NAME)";
				SWIFT_VERSION = 5.0;
				TARGETED_DEVICE_FAMILY = "1,2";
			};
			name = Release;
		};
		F865042225197A3C00D68429 /* Debug */ = {
			isa = XCBuildConfiguration;
			buildSettings = {
				ALWAYS_EMBED_SWIFT_STANDARD_LIBRARIES = YES;
				BUNDLE_LOADER = "$(TEST_HOST)";
				CODE_SIGN_STYLE = Automatic;
				INFOPLIST_FILE = DesignCodeTests/Info.plist;
				IPHONEOS_DEPLOYMENT_TARGET = 14.0;
				LD_RUNPATH_SEARCH_PATHS = (
					"$(inherited)",
					"@executable_path/Frameworks",
					"@loader_path/Frameworks",
				);
				PRODUCT_BUNDLE_IDENTIFIER = com.tovirk.DesignCodeTests;
				PRODUCT_NAME = "$(TARGET_NAME)";
				SWIFT_VERSION = 5.0;
				TARGETED_DEVICE_FAMILY = "1,2";
				TEST_HOST = "$(BUILT_PRODUCTS_DIR)/DesignCode.app/DesignCode";
			};
			name = Debug;
		};
		F865042325197A3C00D68429 /* Release */ = {
			isa = XCBuildConfiguration;
			buildSettings = {
				ALWAYS_EMBED_SWIFT_STANDARD_LIBRARIES = YES;
				BUNDLE_LOADER = "$(TEST_HOST)";
				CODE_SIGN_STYLE = Automatic;
				INFOPLIST_FILE = DesignCodeTests/Info.plist;
				IPHONEOS_DEPLOYMENT_TARGET = 14.0;
				LD_RUNPATH_SEARCH_PATHS = (
					"$(inherited)",
					"@executable_path/Frameworks",
					"@loader_path/Frameworks",
				);
				PRODUCT_BUNDLE_IDENTIFIER = com.tovirk.DesignCodeTests;
				PRODUCT_NAME = "$(TARGET_NAME)";
				SWIFT_VERSION = 5.0;
				TARGETED_DEVICE_FAMILY = "1,2";
				TEST_HOST = "$(BUILT_PRODUCTS_DIR)/DesignCode.app/DesignCode";
			};
			name = Release;
		};
		F865042525197A3C00D68429 /* Debug */ = {
			isa = XCBuildConfiguration;
			buildSettings = {
				ALWAYS_EMBED_SWIFT_STANDARD_LIBRARIES = YES;
				CODE_SIGN_STYLE = Automatic;
				INFOPLIST_FILE = DesignCodeUITests/Info.plist;
				LD_RUNPATH_SEARCH_PATHS = (
					"$(inherited)",
					"@executable_path/Frameworks",
					"@loader_path/Frameworks",
				);
				PRODUCT_BUNDLE_IDENTIFIER = com.tovirk.DesignCodeUITests;
				PRODUCT_NAME = "$(TARGET_NAME)";
				SWIFT_VERSION = 5.0;
				TARGETED_DEVICE_FAMILY = "1,2";
				TEST_TARGET_NAME = DesignCode;
			};
			name = Debug;
		};
		F865042625197A3C00D68429 /* Release */ = {
			isa = XCBuildConfiguration;
			buildSettings = {
				ALWAYS_EMBED_SWIFT_STANDARD_LIBRARIES = YES;
				CODE_SIGN_STYLE = Automatic;
				INFOPLIST_FILE = DesignCodeUITests/Info.plist;
				LD_RUNPATH_SEARCH_PATHS = (
					"$(inherited)",
					"@executable_path/Frameworks",
					"@loader_path/Frameworks",
				);
				PRODUCT_BUNDLE_IDENTIFIER = com.tovirk.DesignCodeUITests;
				PRODUCT_NAME = "$(TARGET_NAME)";
				SWIFT_VERSION = 5.0;
				TARGETED_DEVICE_FAMILY = "1,2";
				TEST_TARGET_NAME = DesignCode;
			};
			name = Release;
		};
/* End XCBuildConfiguration section */

/* Begin XCConfigurationList section */
		F86503F425197A3800D68429 /* Build configuration list for PBXProject "DesignCode" */ = {
			isa = XCConfigurationList;
			buildConfigurations = (
				F865041C25197A3C00D68429 /* Debug */,
				F865041D25197A3C00D68429 /* Release */,
			);
			defaultConfigurationIsVisible = 0;
			defaultConfigurationName = Release;
		};
		F865041E25197A3C00D68429 /* Build configuration list for PBXNativeTarget "DesignCode" */ = {
			isa = XCConfigurationList;
			buildConfigurations = (
				F865041F25197A3C00D68429 /* Debug */,
				F865042025197A3C00D68429 /* Release */,
			);
			defaultConfigurationIsVisible = 0;
			defaultConfigurationName = Release;
		};
		F865042125197A3C00D68429 /* Build configuration list for PBXNativeTarget "DesignCodeTests" */ = {
			isa = XCConfigurationList;
			buildConfigurations = (
				F865042225197A3C00D68429 /* Debug */,
				F865042325197A3C00D68429 /* Release */,
			);
			defaultConfigurationIsVisible = 0;
			defaultConfigurationName = Release;
		};
		F865042425197A3C00D68429 /* Build configuration list for PBXNativeTarget "DesignCodeUITests" */ = {
			isa = XCConfigurationList;
			buildConfigurations = (
				F865042525197A3C00D68429 /* Debug */,
				F865042625197A3C00D68429 /* Release */,
			);
			defaultConfigurationIsVisible = 0;
			defaultConfigurationName = Release;
		};
/* End XCConfigurationList section */
	};
	rootObject = F86503F125197A3800D68429 /* Project object */;
}
